
Microsoft Visual Studio Solution File, Format Version 12.00
# Visual Studio 15
VisualStudioVersion = 15.0.28010.2036
MinimumVisualStudioVersion = 10.0.40219.1
Project("{888888A0-9F3D-457C-B088-3A5042F75D52}") = "FileMaxSum7", "FileMaxSum7\FileMaxSum7.pyproj", "{295F78D9-1F08-4BE1-9A12-3B46EDF4C0EA}"
EndProject
Global
	GlobalSection(SolutionConfigurationPlatforms) = preSolution
		Debug|Any CPU = Debug|Any CPU
		Release|Any CPU = Release|Any CPU
	EndGlobalSection
	GlobalSection(ProjectConfigurationPlatforms) = postSolution
		{295F78D9-1F08-4BE1-9A12-3B46EDF4C0EA}.Debug|Any CPU.ActiveCfg = Debug|Any CPU
		{295F78D9-1F08-4BE1-9A12-3B46EDF4C0EA}.Release|Any CPU.ActiveCfg = Release|Any CPU
	EndGlobalSection
	GlobalSection(SolutionProperties) = preSolution
		HideSolutionNode = FALSE
	EndGlobalSection
	GlobalSection(ExtensibilityGlobals) = postSolution
		SolutionGuid = {EC6B1E20-5E4F-4AEC-90D8-1FAFD8F840EA}
	EndGlobalSection
EndGlobal
